
Microsoft Visual Studio Solution File, Format Version 12.00
# Visual Studio 15
VisualStudioVersion = 15.0.28307.271
MinimumVisualStudioVersion = 10.0.40219.1
Project("{FAE04EC0-301F-11D3-BF4B-00C04F79EFBC}") = "SFVAnimationsEditor", "SFVAnimationsEditor\SFVAnimationsEditor.csproj", "{622ADFAF-E544-449A-9A16-0AE9A480B8B7}"
EndProject
Global
	GlobalSection(SolutionConfigurationPlatforms) = preSolution
		Debug|Any CPU = Debug|Any CPU
		Release|Any CPU = Release|Any CPU
	EndGlobalSection
	GlobalSection(ProjectConfigurationPlatforms) = postSolution
		{622ADFAF-E544-449A-9A16-0AE9A480B8B7}.Debug|Any CPU.ActiveCfg = Debug|Any CPU
		{622ADFAF-E544-449A-9A16-0AE9A480B8B7}.Debug|Any CPU.Build.0 = Debug|Any CPU
		{622ADFAF-E544-449A-9A16-0AE9A480B8B7}.Release|Any CPU.ActiveCfg = Release|Any CPU
		{622ADFAF-E544-449A-9A16-0AE9A480B8B7}.Release|Any CPU.Build.0 = Release|Any CPU
	EndGlobalSection
	GlobalSection(SolutionProperties) = preSolution
		HideSolutionNode = FALSE
	EndGlobalSection
	GlobalSection(ExtensibilityGlobals) = postSolution
		SolutionGuid = {FD734B91-BDD1-4C80-A205-03170ECD4063}
	EndGlobalSection
EndGlobal
