
Microsoft Visual Studio Solution File, Format Version 12.00
# Visual Studio Version 16
VisualStudioVersion = 16.0.31515.178
MinimumVisualStudioVersion = 10.0.40219.1
Project("{FAE04EC0-301F-11D3-BF4B-00C04F79EFBC}") = "SFVAnimationsEditor", "SFVAnimationsEditor\SFVAnimationsEditor.csproj", "{622ADFAF-E544-449A-9A16-0AE9A480B8B7}"
EndProject
Project("{2150E333-8FDC-42A3-9474-1A3956D46DE8}") = "Solution Items", "Solution Items", "{0CE773A6-15F0-42E6-B6DA-9DC5DD97F8B0}"
	ProjectSection(SolutionItems) = preProject
		.editorconfig = .editorconfig
	EndProjectSection
EndProject
Global
	GlobalSection(SolutionConfigurationPlatforms) = preSolution
		Debug|Any CPU = Debug|Any CPU
		Release|Any CPU = Release|Any CPU
	EndGlobalSection
	GlobalSection(ProjectConfigurationPlatforms) = postSolution
		{622ADFAF-E544-449A-9A16-0AE9A480B8B7}.Debug|Any CPU.ActiveCfg = Debug|Any CPU
		{622ADFAF-E544-449A-9A16-0AE9A480B8B7}.Debug|Any CPU.Build.0 = Debug|Any CPU
		{622ADFAF-E544-449A-9A16-0AE9A480B8B7}.Release|Any CPU.ActiveCfg = Release|Any CPU
		{622ADFAF-E544-449A-9A16-0AE9A480B8B7}.Release|Any CPU.Build.0 = Release|Any CPU
	EndGlobalSection
	GlobalSection(SolutionProperties) = preSolution
		HideSolutionNode = FALSE
	EndGlobalSection
	GlobalSection(ExtensibilityGlobals) = postSolution
		SolutionGuid = {FD734B91-BDD1-4C80-A205-03170ECD4063}
	EndGlobalSection
EndGlobal
